
Microsoft Visual Studio Solution File, Format Version 12.00
# Visual Studio Version 16
VisualStudioVersion = 16.0.810.9
MinimumVisualStudioVersion = 10.0.40219.1
Project("{FAE04EC0-301F-11D3-BF4B-00C04F79EFBC}") = "CarbonFootprint", "CarbonFootprint\CarbonFootprint.csproj", "{73DB556A-260F-4A9E-9079-1A2D834CF849}"
EndProject
Global
	GlobalSection(SolutionConfigurationPlatforms) = preSolution
		Debug|Any CPU = Debug|Any CPU
		Release|Any CPU = Release|Any CPU
	EndGlobalSection
	GlobalSection(ProjectConfigurationPlatforms) = postSolution
		{73DB556A-260F-4A9E-9079-1A2D834CF849}.Debug|Any CPU.ActiveCfg = Debug|Any CPU
		{73DB556A-260F-4A9E-9079-1A2D834CF849}.Debug|Any CPU.Build.0 = Debug|Any CPU
		{73DB556A-260F-4A9E-9079-1A2D834CF849}.Release|Any CPU.ActiveCfg = Release|Any CPU
		{73DB556A-260F-4A9E-9079-1A2D834CF849}.Release|Any CPU.Build.0 = Release|Any CPU
	EndGlobalSection
	GlobalSection(SolutionProperties) = preSolution
		HideSolutionNode = FALSE
	EndGlobalSection
	GlobalSection(ExtensibilityGlobals) = postSolution
		SolutionGuid = {F989B79C-28B7-40AF-A2CF-67E01072BF95}
	EndGlobalSection
EndGlobal
